
Microsoft Visual Studio Solution File, Format Version 12.00
# Visual Studio Version 17
VisualStudioVersion = 17.8.34330.188
MinimumVisualStudioVersion = 10.0.40219.1
Project("{FAE04EC0-301F-11D3-BF4B-00C04F79EFBC}") = "Lab day2 oop", "Lab day2 oop\Lab day2 oop.csproj", "{96980850-94B1-483E-AF0B-0ACE945E7FA3}"
EndProject
Global
	GlobalSection(SolutionConfigurationPlatforms) = preSolution
		Debug|Any CPU = Debug|Any CPU
		Release|Any CPU = Release|Any CPU
	EndGlobalSection
	GlobalSection(ProjectConfigurationPlatforms) = postSolution
		{96980850-94B1-483E-AF0B-0ACE945E7FA3}.Debug|Any CPU.ActiveCfg = Debug|Any CPU
		{96980850-94B1-483E-AF0B-0ACE945E7FA3}.Debug|Any CPU.Build.0 = Debug|Any CPU
		{96980850-94B1-483E-AF0B-0ACE945E7FA3}.Release|Any CPU.ActiveCfg = Release|Any CPU
		{96980850-94B1-483E-AF0B-0ACE945E7FA3}.Release|Any CPU.Build.0 = Release|Any CPU
	EndGlobalSection
	GlobalSection(SolutionProperties) = preSolution
		HideSolutionNode = FALSE
	EndGlobalSection
	GlobalSection(ExtensibilityGlobals) = postSolution
		SolutionGuid = {14FCA837-C7FA-45C0-BD01-80D2C562F638}
	EndGlobalSection
EndGlobal
